
Microsoft Visual Studio Solution File, Format Version 12.00
# Visual Studio 15
VisualStudioVersion = 15.0.26403.7
MinimumVisualStudioVersion = 15.0.26124.0
Project("{2150E333-8FDC-42A3-9474-1A3956D46DE8}") = "src", "src", "{E9831EAE-CA07-4015-A006-CC80842DE802}"
EndProject
Project("{9A19103F-16F7-4668-BE54-9A1E7A4F7556}") = "Tutorial.Services.Products.Core", "src\Tutorial.Services.Products.Core\Tutorial.Services.Products.Core.csproj", "{55490C95-8E7B-416B-AD2D-2EF463ECEEAE}"
EndProject
Project("{9A19103F-16F7-4668-BE54-9A1E7A4F7556}") = "Tutorial.Services.Products.Host", "src\Tutorial.Services.Products.Host\Tutorial.Services.Products.Host.csproj", "{45B24511-BC7F-4A3B-A577-DF4E3BE69207}"
EndProject
Global
	GlobalSection(SolutionConfigurationPlatforms) = preSolution
		Debug|Any CPU = Debug|Any CPU
		Debug|x64 = Debug|x64
		Debug|x86 = Debug|x86
		Release|Any CPU = Release|Any CPU
		Release|x64 = Release|x64
		Release|x86 = Release|x86
	EndGlobalSection
	GlobalSection(ProjectConfigurationPlatforms) = postSolution
		{55490C95-8E7B-416B-AD2D-2EF463ECEEAE}.Debug|Any CPU.ActiveCfg = Debug|Any CPU
		{55490C95-8E7B-416B-AD2D-2EF463ECEEAE}.Debug|Any CPU.Build.0 = Debug|Any CPU
		{55490C95-8E7B-416B-AD2D-2EF463ECEEAE}.Debug|x64.ActiveCfg = Debug|Any CPU
		{55490C95-8E7B-416B-AD2D-2EF463ECEEAE}.Debug|x64.Build.0 = Debug|Any CPU
		{55490C95-8E7B-416B-AD2D-2EF463ECEEAE}.Debug|x86.ActiveCfg = Debug|Any CPU
		{55490C95-8E7B-416B-AD2D-2EF463ECEEAE}.Debug|x86.Build.0 = Debug|Any CPU
		{55490C95-8E7B-416B-AD2D-2EF463ECEEAE}.Release|Any CPU.ActiveCfg = Release|Any CPU
		{55490C95-8E7B-416B-AD2D-2EF463ECEEAE}.Release|Any CPU.Build.0 = Release|Any CPU
		{55490C95-8E7B-416B-AD2D-2EF463ECEEAE}.Release|x64.ActiveCfg = Release|Any CPU
		{55490C95-8E7B-416B-AD2D-2EF463ECEEAE}.Release|x64.Build.0 = Release|Any CPU
		{55490C95-8E7B-416B-AD2D-2EF463ECEEAE}.Release|x86.ActiveCfg = Release|Any CPU
		{55490C95-8E7B-416B-AD2D-2EF463ECEEAE}.Release|x86.Build.0 = Release|Any CPU
		{45B24511-BC7F-4A3B-A577-DF4E3BE69207}.Debug|Any CPU.ActiveCfg = Debug|Any CPU
		{45B24511-BC7F-4A3B-A577-DF4E3BE69207}.Debug|Any CPU.Build.0 = Debug|Any CPU
		{45B24511-BC7F-4A3B-A577-DF4E3BE69207}.Debug|x64.ActiveCfg = Debug|Any CPU
		{45B24511-BC7F-4A3B-A577-DF4E3BE69207}.Debug|x64.Build.0 = Debug|Any CPU
		{45B24511-BC7F-4A3B-A577-DF4E3BE69207}.Debug|x86.ActiveCfg = Debug|Any CPU
		{45B24511-BC7F-4A3B-A577-DF4E3BE69207}.Debug|x86.Build.0 = Debug|Any CPU
		{45B24511-BC7F-4A3B-A577-DF4E3BE69207}.Release|Any CPU.ActiveCfg = Release|Any CPU
		{45B24511-BC7F-4A3B-A577-DF4E3BE69207}.Release|Any CPU.Build.0 = Release|Any CPU
		{45B24511-BC7F-4A3B-A577-DF4E3BE69207}.Release|x64.ActiveCfg = Release|Any CPU
		{45B24511-BC7F-4A3B-A577-DF4E3BE69207}.Release|x64.Build.0 = Release|Any CPU
		{45B24511-BC7F-4A3B-A577-DF4E3BE69207}.Release|x86.ActiveCfg = Release|Any CPU
		{45B24511-BC7F-4A3B-A577-DF4E3BE69207}.Release|x86.Build.0 = Release|Any CPU
	EndGlobalSection
	GlobalSection(SolutionProperties) = preSolution
		HideSolutionNode = FALSE
	EndGlobalSection
	GlobalSection(NestedProjects) = preSolution
		{55490C95-8E7B-416B-AD2D-2EF463ECEEAE} = {E9831EAE-CA07-4015-A006-CC80842DE802}
		{45B24511-BC7F-4A3B-A577-DF4E3BE69207} = {E9831EAE-CA07-4015-A006-CC80842DE802}
	EndGlobalSection
EndGlobal
